# This file is generated by running "yarn install" inside your project.
# Manual changes might be lost - proceed with caution!

__metadata:
  version: 10
  cacheKey: 10c0

"@isaacs/fs-minipass@npm:^4.0.0":
  version: 4.0.1
  resolution: "@isaacs/fs-minipass@npm:4.0.1"
  dependencies:
    minipass: "npm:^7.0.4"
  checksum: 10c0/c25b6dc1598790d5b55c0947a9b7d111cfa92594db5296c3b907e2f533c033666f692a3939eadac17b1c7c40d362d0b0635dc874cbfe3e70db7c2b07cc97a5d2
  languageName: node
  linkType: hard

"@playwright/test@npm:^1.52.0":
  version: 1.62.1
  resolution: "@playwright/test@npm:1.62.1"
  dependencies:
    playwright: "npm:1.62.1"
  bin:
    playwright: cli.js
  checksum: 10c0/4b76f2f717723f84a73601f74fde97f5d92e4b5c869cf87c0f5628bf247fa1d18c9dc6c8e136463303233239e8ce58f902513d4281a9fabc3c426e911ded2c83
  languageName: node
  linkType: hard

"@types/node@npm:^25.9.3":
  version: 25.9.5
  resolution: "@types/node@npm:25.9.5"
  dependencies:
    undici-types: "npm:>=7.24.0 <7.24.7"
  checksum: 10c0/addbfe55f14d6a7f149a8796c2fca68463ac6caf911c623f552d07385691d36c0669a9c38724350d0e958131827d59a63c18781e753dede8113a903dd62b7932
  languageName: node
  linkType: hard

"abbrev@npm:^5.0.0":
  version: 5.0.0
  resolution: "abbrev@npm:5.0.0"
  checksum: 10c0/8e88f5c798ea4562d28c5a3e9ad69e3879890bc5d695d8f2dffb8609be4c890aacc8f80ef4553fdd2c6a62d70c2ce8bc57b38074e383beb7487bdafa9ed42ea5
  languageName: node
  linkType: hard

"biblivre-e2e@workspace:.":
  version: 0.0.0-use.local
  resolution: "biblivre-e2e@workspace:."
  dependencies:
    "@playwright/test": "npm:^1.52.0"
    "@types/node": "npm:^25.9.3"
  languageName: unknown
  linkType: soft

"chownr@npm:^3.0.0":
  version: 3.0.0
  resolution: "chownr@npm:3.0.0"
  checksum: 10c0/43925b87700f7e3893296c8e9c56cc58f926411cce3a6e5898136daaf08f08b9a8eb76d37d3267e707d0dcc17aed2e2ebdf5848c0c3ce95cf910a919935c1b10
  languageName: node
  linkType: hard

"env-paths@npm:^2.2.0":
  version: 2.2.1
  resolution: "env-paths@npm:2.2.1"
  checksum: 10c0/285325677bf00e30845e330eec32894f5105529db97496ee3f598478e50f008c5352a41a30e5e72ec9de8a542b5a570b85699cd63bd2bc646dbcb9f311d83bc4
  languageName: node
  linkType: hard

"exponential-backoff@npm:^3.1.1":
  version: 3.1.3
  resolution: "exponential-backoff@npm:3.1.3"
  checksum: 10c0/77e3ae682b7b1f4972f563c6dbcd2b0d54ac679e62d5d32f3e5085feba20483cf28bd505543f520e287a56d4d55a28d7874299941faf637e779a1aa5994d1267
  languageName: node
  linkType: hard

"fdir@npm:^6.5.0":
  version: 6.5.0
  resolution: "fdir@npm:6.5.0"
  peerDependencies:
    picomatch: ^3 || ^4
  peerDependenciesMeta:
    picomatch:
      optional: true
  checksum: 10c0/e345083c4306b3aed6cb8ec551e26c36bab5c511e99ea4576a16750ddc8d3240e63826cc624f5ae17ad4dc82e68a253213b60d556c11bfad064b7607847ed07f
  languageName: node
  linkType: hard

"fsevents@npm:2.3.2":
  version: 2.3.2
  resolution: "fsevents@npm:2.3.2"
  dependencies:
    node-gyp: "npm:latest"
  checksum: 10c0/be78a3efa3e181cda3cf7a4637cb527bcebb0bd0ea0440105a3bb45b86f9245b307dc10a2507e8f4498a7d4ec349d1910f4d73e4d4495b16103106e07eee735b
  conditions: os=darwin
  languageName: node
  linkType: hard

"fsevents@patch:fsevents@npm%3A2.3.2#optional!builtin<compat/fsevents>":
  version: 2.3.2
  resolution: "fsevents@patch:fsevents@npm%3A2.3.2#optional!builtin<compat/fsevents>::version=2.3.2&hash=df0bf1"
  dependencies:
    node-gyp: "npm:latest"
  conditions: os=darwin
  languageName: node
  linkType: hard

"graceful-fs@npm:^4.2.6":
  version: 4.2.11
  resolution: "graceful-fs@npm:4.2.11"
  checksum: 10c0/386d011a553e02bc594ac2ca0bd6d9e4c22d7fa8cfbfc448a6d148c59ea881b092db9dbe3547ae4b88e55f1b01f7c4a2ecc53b310c042793e63aa44cf6c257f2
  languageName: node
  linkType: hard

"isexe@npm:^4.0.0":
  version: 4.0.0
  resolution: "isexe@npm:4.0.0"
  checksum: 10c0/5884815115bceac452877659a9c7726382531592f43dc29e5d48b7c4100661aed54018cb90bd36cb2eaeba521092570769167acbb95c18d39afdccbcca06c5ce
  languageName: node
  linkType: hard

"minipass@npm:^7.0.4, minipass@npm:^7.1.2":
  version: 7.1.3
  resolution: "minipass@npm:7.1.3"
  checksum: 10c0/539da88daca16533211ea5a9ee98dc62ff5742f531f54640dd34429e621955e91cc280a91a776026264b7f9f6735947629f920944e9c1558369e8bf22eb33fbb
  languageName: node
  linkType: hard

"minizlib@npm:^3.1.0":
  version: 3.1.0
  resolution: "minizlib@npm:3.1.0"
  dependencies:
    minipass: "npm:^7.1.2"
  checksum: 10c0/5aad75ab0090b8266069c9aabe582c021ae53eb33c6c691054a13a45db3b4f91a7fb1bd79151e6b4e9e9a86727b522527c0a06ec7d45206b745d54cd3097bcec
  languageName: node
  linkType: hard

"node-gyp@npm:latest":
  version: 13.0.1
  resolution: "node-gyp@npm:13.0.1"
  dependencies:
    env-paths: "npm:^2.2.0"
    exponential-backoff: "npm:^3.1.1"
    graceful-fs: "npm:^4.2.6"
    nopt: "npm:^10.0.0"
    proc-log: "npm:^7.0.0"
    semver: "npm:^7.3.5"
    tar: "npm:^7.5.4"
    tinyglobby: "npm:^0.2.12"
    undici: "npm:^8.4.1"
    which: "npm:^7.0.0"
  bin:
    node-gyp: bin/node-gyp.js
  checksum: 10c0/424077bc9e9bbe953a8e86db473ba818cbc6a121714008c977fd589e21e5f0c811fbf22faac730dc7182450b5e52df301811d01ae3373898658d999b7710f4e6
  languageName: node
  linkType: hard

"nopt@npm:^10.0.0":
  version: 10.0.1
  resolution: "nopt@npm:10.0.1"
  dependencies:
    abbrev: "npm:^5.0.0"
  bin:
    nopt: bin/nopt.js
  checksum: 10c0/980d89257f9587f3e1f77877ddbf905d6aa3b738ec33e49a4fa1a059a0dd82eb28063982b150654a7ae9de386f2ead60e56172db7d37cf56de545f7392a2a26a
  languageName: node
  linkType: hard

"picomatch@npm:^4.0.4":
  version: 4.0.5
  resolution: "picomatch@npm:4.0.5"
  checksum: 10c0/947bc6b6e1ff1e6c5aaf95b107a0839d12802f4f7b867663f67d47accba939ca1cb582cf99dfc30438efa1c4648ac5990967e783e8929c36b03e8440704ef1bd
  languageName: node
  linkType: hard

"playwright-core@npm:1.62.1":
  version: 1.62.1
  resolution: "playwright-core@npm:1.62.1"
  bin:
    playwright-core: cli.js
  checksum: 10c0/a37d0f03bb73364cfd0eba704c4b3359b609c4779ae2649a88d8e2b3a29c7357dfcc58bdcf0cb68ddffdef7687abf78902c8356e89f189682c7e19be38e108f0
  languageName: node
  linkType: hard

"playwright@npm:1.62.1":
  version: 1.62.1
  resolution: "playwright@npm:1.62.1"
  dependencies:
    fsevents: "npm:2.3.2"
    playwright-core: "npm:1.62.1"
  dependenciesMeta:
    fsevents:
      optional: true
  bin:
    playwright: cli.js
  checksum: 10c0/4d3522cd46325f50c46f8874d31f70d036f6983228a9f8b9d68fc249e4c17464edcd97cc4adfbb24e712d1829c1386d3bc24e17f58a1ced94e7c423300c21845
  languageName: node
  linkType: hard

"proc-log@npm:^7.0.0":
  version: 7.0.0
  resolution: "proc-log@npm:7.0.0"
  checksum: 10c0/b89c2d862604f35fec795477b0c7e376feab3ba0d4f4d291c4e959567442697cf451ac557d0623c1cc38af45a78128b983410f397a10c5d3a67f76c33de4754b
  languageName: node
  linkType: hard

"semver@npm:^7.3.5":
  version: 7.8.5
  resolution: "semver@npm:7.8.5"
  bin:
    semver: bin/semver.js
  checksum: 10c0/b1f3127a5be8125a94f37188b361c212466c292c6910adce3ec106cff5dc211ccaedc4739c11bb70fda59d6fc1f040a9bca289f4e093451521a2372e5231fe0c
  languageName: node
  linkType: hard

"tar@npm:^7.5.4":
  version: 7.5.22
  resolution: "tar@npm:7.5.22"
  dependencies:
    "@isaacs/fs-minipass": "npm:^4.0.0"
    chownr: "npm:^3.0.0"
    minipass: "npm:^7.1.2"
    minizlib: "npm:^3.1.0"
    yallist: "npm:^5.0.0"
  checksum: 10c0/1311f6be85a8157ac4c9147bae43e13923d2a1aae15e4aa1bd5239e4e03d2cf53cfe103dde7f35832fbb4c938b042856bc8e9a0afd29abd05e2d1608788c4fea
  languageName: node
  linkType: hard

"tinyglobby@npm:^0.2.12":
  version: 0.2.17
  resolution: "tinyglobby@npm:0.2.17"
  dependencies:
    fdir: "npm:^6.5.0"
    picomatch: "npm:^4.0.4"
  checksum: 10c0/7f7bb0f197c88bc4b20c231e0deca4240ca3bf313a88f5a7fee93a872b84966a4d50220947c0455ad07a60b3b360961c5b7fd979222aeb716a9f99b412002e4c
  languageName: node
  linkType: hard

"undici-types@npm:>=7.24.0 <7.24.7":
  version: 7.24.6
  resolution: "undici-types@npm:7.24.6"
  checksum: 10c0/d9cd8befb643ac904615c280a095ba4240531f6bb4a5e75a22a7483630ca8d3f1016d2ab6ace6ceda1f63b3a2db2fe037fafe121d6917a0187573aa548ff78ca
  languageName: node
  linkType: hard

"undici@npm:^8.4.1":
  version: 8.10.0
  resolution: "undici@npm:8.10.0"
  checksum: 10c0/37ae2b1db8f65c3a003504e2040e96887b99f9db16ba07dcf49c37ed8b7f8c72f4452f2d46f52f7c9e49518fe8325e3b5e7e02ac3a2424886bd67d4b62a0ecab
  languageName: node
  linkType: hard

"which@npm:^7.0.0":
  version: 7.0.0
  resolution: "which@npm:7.0.0"
  dependencies:
    isexe: "npm:^4.0.0"
  bin:
    node-which: bin/which.js
  checksum: 10c0/ca0b54f198f78bbc4b7c02e34bda8d335cb352e0adb4cbca1c37b1a957af3a879a82c4c27ca6525bc942f548d8b64f816ef6528360af9f3de55ffb9b979b620d
  languageName: node
  linkType: hard

"yallist@npm:^5.0.0":
  version: 5.0.0
  resolution: "yallist@npm:5.0.0"
  checksum: 10c0/a499c81ce6d4a1d260d4ea0f6d49ab4da09681e32c3f0472dee16667ed69d01dae63a3b81745a24bd78476ec4fcf856114cb4896ace738e01da34b2c42235416
  languageName: node
  linkType: hard
