# This file is generated by running "yarn install" inside your project.
# Manual changes might be lost - proceed with caution!

__metadata:
  version: 10
  cacheKey: 10c0

"@playwright/test@npm:^1.52.0":
  version: 1.63.0
  resolution: "@playwright/test@npm:1.63.0"
  dependencies:
    playwright: "npm:1.63.0"
  bin:
    playwright: cli.js
  checksum: 10c0/795cd06c2eb6cb6142e72792f4df8f97665aa8c551c16278a7f2b3f31664e0cff07ed3c066490da55daf2fe51bc18e9c1ec6cba05b2c37387a0c49ad63017db8
  languageName: node
  linkType: hard

"@types/node@npm:^25.9.3":
  version: 25.9.8
  resolution: "@types/node@npm:25.9.8"
  dependencies:
    undici-types: "npm:>=7.24.0 <7.24.7"
  checksum: 10c0/482b8f1d8532fb034d4b49b8c7a5942aee4bb21482d7e49a5d3fbc1dcb3f04fde0c312f91f6aeca185875a325e14e75f94b6171f1ef7a718a6d62c0862c2ab80
  languageName: node
  linkType: hard

"biblivre-e2e@workspace:.":
  version: 0.0.0-use.local
  resolution: "biblivre-e2e@workspace:."
  dependencies:
    "@playwright/test": "npm:^1.52.0"
    "@types/node": "npm:^25.9.3"
  languageName: unknown
  linkType: soft

"playwright-core@npm:1.63.0":
  version: 1.63.0
  resolution: "playwright-core@npm:1.63.0"
  bin:
    playwright-core: cli.js
  checksum: 10c0/39c1ebae4029ca2e9371e00a5588d962038e24b6e0bdb7d0d27374dde04838f349b83ae0c8b3b648653d0935cba7fb9011f1201adaab9dd0db7801ad6c75e9aa
  languageName: node
  linkType: hard

"playwright@npm:1.63.0":
  version: 1.63.0
  resolution: "playwright@npm:1.63.0"
  dependencies:
    playwright-core: "npm:1.63.0"
  bin:
    playwright: cli.js
  checksum: 10c0/d1fd048a89be27c9aba6757dc4f70eff4a5163b49f439ad691767be8b2a482327d0dd1928b4f73c8fe0d8b33aab2c9dc2670424ab60f112d9e98e91b94e3b090
  languageName: node
  linkType: hard

"undici-types@npm:>=7.24.0 <7.24.7":
  version: 7.24.6
  resolution: "undici-types@npm:7.24.6"
  checksum: 10c0/d9cd8befb643ac904615c280a095ba4240531f6bb4a5e75a22a7483630ca8d3f1016d2ab6ace6ceda1f63b3a2db2fe037fafe121d6917a0187573aa548ff78ca
  languageName: node
  linkType: hard
